
Microsoft Visual Studio Solution File, Format Version 12.00
# Visual Studio Version 17
VisualStudioVersion = 17.4.33213.308
MinimumVisualStudioVersion = 10.0.40219.1
Project("{9A19103F-16F7-4668-BE54-9A1E7A4F7556}") = "XAFBlazorSample.Module", "XAFBlazorSample.Module\XAFBlazorSample.Module.csproj", "{CC0F44DA-1718-4AA2-B917-A4D271769637}"
EndProject
Project("{9A19103F-16F7-4668-BE54-9A1E7A4F7556}") = "XAFBlazorSample.Blazor.Server", "XAFBlazorSample.Blazor.Server\XAFBlazorSample.Blazor.Server.csproj", "{A64C3A10-39A0-4183-B997-922EA54A52C1}"
EndProject
Global
	GlobalSection(SolutionConfigurationPlatforms) = preSolution
		Debug|Any CPU = Debug|Any CPU
		EasyTest|Any CPU = EasyTest|Any CPU
		Release|Any CPU = Release|Any CPU
	EndGlobalSection
	GlobalSection(ProjectConfigurationPlatforms) = postSolution
		{CC0F44DA-1718-4AA2-B917-A4D271769637}.Debug|Any CPU.ActiveCfg = Debug|Any CPU
		{CC0F44DA-1718-4AA2-B917-A4D271769637}.Debug|Any CPU.Build.0 = Debug|Any CPU
		{CC0F44DA-1718-4AA2-B917-A4D271769637}.EasyTest|Any CPU.ActiveCfg = EasyTest|Any CPU
		{CC0F44DA-1718-4AA2-B917-A4D271769637}.EasyTest|Any CPU.Build.0 = EasyTest|Any CPU
		{CC0F44DA-1718-4AA2-B917-A4D271769637}.Release|Any CPU.ActiveCfg = Release|Any CPU
		{CC0F44DA-1718-4AA2-B917-A4D271769637}.Release|Any CPU.Build.0 = Release|Any CPU
		{A64C3A10-39A0-4183-B997-922EA54A52C1}.Debug|Any CPU.ActiveCfg = Debug|Any CPU
		{A64C3A10-39A0-4183-B997-922EA54A52C1}.Debug|Any CPU.Build.0 = Debug|Any CPU
		{A64C3A10-39A0-4183-B997-922EA54A52C1}.EasyTest|Any CPU.ActiveCfg = EasyTest|Any CPU
		{A64C3A10-39A0-4183-B997-922EA54A52C1}.EasyTest|Any CPU.Build.0 = EasyTest|Any CPU
		{A64C3A10-39A0-4183-B997-922EA54A52C1}.Release|Any CPU.ActiveCfg = Release|Any CPU
		{A64C3A10-39A0-4183-B997-922EA54A52C1}.Release|Any CPU.Build.0 = Release|Any CPU
	EndGlobalSection
	GlobalSection(SolutionProperties) = preSolution
		HideSolutionNode = FALSE
	EndGlobalSection
	GlobalSection(ExtensibilityGlobals) = postSolution
		SolutionGuid = {A162BB6D-2476-43E4-8426-D4253C8D7B8C}
	EndGlobalSection
EndGlobal
